// !$*UTF8*$!
{
	archiveVersion = 1;
	classes = {
	};
	objectVersion = 51;
	objects = {

/* Begin PBXBuildFile section */
		470328AE214518E800DFDAD1 /* Date-extension.swift in Sources */ = {isa = PBXBuildFile; fileRef = 470328AD214518E800DFDAD1 /* Date-extension.swift */; };
		470328B0214B3D8D00DFDAD1 /* AnchorGroup.swift in Sources */ = {isa = PBXBuildFile; fileRef = 470328AF214B3D8D00DFDAD1 /* AnchorGroup.swift */; };
		47328A7D2144CBF500B150AF /* NetworkTools.swift in Sources */ = {isa = PBXBuildFile; fileRef = 47328A7C2144CBF500B150AF /* NetworkTools.swift */; };
		474052F92132CB5B00DADD2F /* PageTitleView.swift in Sources */ = {isa = PBXBuildFile; fileRef = 474052F82132CB5B00DADD2F /* PageTitleView.swift */; };
		474052FF2134192B00DADD2F /* PageContentView.swift in Sources */ = {isa = PBXBuildFile; fileRef = 474052FE2134192B00DADD2F /* PageContentView.swift */; };
		47468243222FD7FA00425FBC /* RecommendCycleView.swift in Sources */ = {isa = PBXBuildFile; fileRef = 47468242222FD7FA00425FBC /* RecommendCycleView.swift */; };
		47468245222FD80C00425FBC /* RecommendCycleView.xib in Resources */ = {isa = PBXBuildFile; fileRef = 47468244222FD80C00425FBC /* RecommendCycleView.xib */; };
		474682472230E0AB00425FBC /* CycleModel.swift in Sources */ = {isa = PBXBuildFile; fileRef = 474682462230E0AB00425FBC /* CycleModel.swift */; };
		4746824A2230EF2200425FBC /* CollectionViewCycleCell.swift in Sources */ = {isa = PBXBuildFile; fileRef = 474682482230EF2200425FBC /* CollectionViewCycleCell.swift */; };
		4746824B2230EF2200425FBC /* CollectionViewCycleCell.xib in Resources */ = {isa = PBXBuildFile; fileRef = 474682492230EF2200425FBC /* CollectionViewCycleCell.xib */; };
		4746824D2231708600425FBC /* RecommendGameView.swift in Sources */ = {isa = PBXBuildFile; fileRef = 4746824C2231708600425FBC /* RecommendGameView.swift */; };
		4746824F2231709900425FBC /* RecommendGameView.xib in Resources */ = {isa = PBXBuildFile; fileRef = 4746824E2231709900425FBC /* RecommendGameView.xib */; };
		474682522232055D00425FBC /* CollectionGameCell.swift in Sources */ = {isa = PBXBuildFile; fileRef = 474682502232055D00425FBC /* CollectionGameCell.swift */; };
		474682532232055D00425FBC /* CollectionGameCell.xib in Resources */ = {isa = PBXBuildFile; fileRef = 474682512232055D00425FBC /* CollectionGameCell.xib */; };
		475B6507214B99760055790F /* AnchorModel.swift in Sources */ = {isa = PBXBuildFile; fileRef = 475B6506214B99760055790F /* AnchorModel.swift */; };
		47655B00214F7E40009950E4 /* webImage.swift in Sources */ = {isa = PBXBuildFile; fileRef = 47655AFF214F7E40009950E4 /* webImage.swift */; };
		47655B02214FEC39009950E4 /* CollectionBaseCell.swift in Sources */ = {isa = PBXBuildFile; fileRef = 47655B01214FEC39009950E4 /* CollectionBaseCell.swift */; };
		4774C6BB213E9A6400E80E7F /* RecommendViewController.swift in Sources */ = {isa = PBXBuildFile; fileRef = 4774C6BA213E9A6400E80E7F /* RecommendViewController.swift */; };
		4774C6BE213EA8EF00E80E7F /* CollectionHeaderView.swift in Sources */ = {isa = PBXBuildFile; fileRef = 4774C6BC213EA8EF00E80E7F /* CollectionHeaderView.swift */; };
		4774C6BF213EA8EF00E80E7F /* CollectionHeaderView.xib in Resources */ = {isa = PBXBuildFile; fileRef = 4774C6BD213EA8EF00E80E7F /* CollectionHeaderView.xib */; };
		47768DBC2145138100ACE64C /* RecomandViewModel.swift in Sources */ = {isa = PBXBuildFile; fileRef = 47768DBB2145138100ACE64C /* RecomandViewModel.swift */; };
		47783285213F65700092C9C8 /* CollectionNormalCell.swift in Sources */ = {isa = PBXBuildFile; fileRef = 47783283213F65700092C9C8 /* CollectionNormalCell.swift */; };
		47783286213F65700092C9C8 /* CollectionNormalCell.xib in Resources */ = {isa = PBXBuildFile; fileRef = 47783284213F65700092C9C8 /* CollectionNormalCell.xib */; };
		47E7D003212D49D000EE233B /* AppDelegate.swift in Sources */ = {isa = PBXBuildFile; fileRef = 47E7D002212D49D000EE233B /* AppDelegate.swift */; };
		47E7D008212D49D000EE233B /* Main.storyboard in Resources */ = {isa = PBXBuildFile; fileRef = 47E7D006212D49D000EE233B /* Main.storyboard */; };
		47E7D00A212D49D100EE233B /* Assets.xcassets in Resources */ = {isa = PBXBuildFile; fileRef = 47E7D009212D49D100EE233B /* Assets.xcassets */; };
		47E7D00D212D49D100EE233B /* LaunchScreen.storyboard in Resources */ = {isa = PBXBuildFile; fileRef = 47E7D00B212D49D100EE233B /* LaunchScreen.storyboard */; };
		47E7D035212FAE0A00EE233B /* HomeViewController.swift in Sources */ = {isa = PBXBuildFile; fileRef = 47E7D034212FAE0A00EE233B /* HomeViewController.swift */; };
		47E7D037212FAE5100EE233B /* MainViewController.swift in Sources */ = {isa = PBXBuildFile; fileRef = 47E7D036212FAE5100EE233B /* MainViewController.swift */; };
		47E7D03C21303BB000EE233B /* Home.storyboard in Resources */ = {isa = PBXBuildFile; fileRef = 47E7D03A21303BB000EE233B /* Home.storyboard */; };
		47E7D03E21303BC000EE233B /* Profile.storyboard in Resources */ = {isa = PBXBuildFile; fileRef = 47E7D03D21303BC000EE233B /* Profile.storyboard */; };
		47E7D04121303BD300EE233B /* Fellow.storyboard in Resources */ = {isa = PBXBuildFile; fileRef = 47E7D03F21303BD300EE233B /* Fellow.storyboard */; };
		47E7D04321303BE100EE233B /* Live.storyboard in Resources */ = {isa = PBXBuildFile; fileRef = 47E7D04221303BE100EE233B /* Live.storyboard */; };
		47E7D0462130487100EE233B /* extensions.swift in Sources */ = {isa = PBXBuildFile; fileRef = 47E7D0452130487100EE233B /* extensions.swift */; };
		47E7D04A21324A7F00EE233B /* Common.swift in Sources */ = {isa = PBXBuildFile; fileRef = 47E7D04921324A7F00EE233B /* Common.swift */; };
		47E7D04E2132A5F400EE233B /* UIColor-extention.swift in Sources */ = {isa = PBXBuildFile; fileRef = 47E7D04D2132A5F400EE233B /* UIColor-extention.swift */; };
		47F1DAD82140FAA3006B8EBA /* CollectionPrettyCell.swift in Sources */ = {isa = PBXBuildFile; fileRef = 47F1DAD62140FAA3006B8EBA /* CollectionPrettyCell.swift */; };
		47F1DAD92140FAA3006B8EBA /* CollectionPrettyCell.xib in Resources */ = {isa = PBXBuildFile; fileRef = 47F1DAD72140FAA3006B8EBA /* CollectionPrettyCell.xib */; };
		C3006701C7083EE8B113F945 /* Pods_DouYuZB.framework in Frameworks */ = {isa = PBXBuildFile; fileRef = 4C3688E70DFB700655CCFCFC /* Pods_DouYuZB.framework */; };
/* End PBXBuildFile section */

/* Begin PBXFileReference section */
		0F342E42448676D9B030D174 /* Pods-DouYuZB.debug.xcconfig */ = {isa = PBXFileReference; includeInIndex = 1; lastKnownFileType = text.xcconfig; name = "Pods-DouYuZB.debug.xcconfig"; path = "Target Support Files/Pods-DouYuZB/Pods-DouYuZB.debug.xcconfig"; sourceTree = "<group>"; };
		0F47919AC90FCC3F3D04BC79 /* Pods-DouYuZB.release.xcconfig */ = {isa = PBXFileReference; includeInIndex = 1; lastKnownFileType = text.xcconfig; name = "Pods-DouYuZB.release.xcconfig"; path = "Target Support Files/Pods-DouYuZB/Pods-DouYuZB.release.xcconfig"; sourceTree = "<group>"; };
		470328AD214518E800DFDAD1 /* Date-extension.swift */ = {isa = PBXFileReference; lastKnownFileType = sourcecode.swift; path = "Date-extension.swift"; sourceTree = "<group>"; };
		470328AF214B3D8D00DFDAD1 /* AnchorGroup.swift */ = {isa = PBXFileReference; lastKnownFileType = sourcecode.swift; path = AnchorGroup.swift; sourceTree = "<group>"; };
		47328A7C2144CBF500B150AF /* NetworkTools.swift */ = {isa = PBXFileReference; fileEncoding = 4; lastKnownFileType = sourcecode.swift; path = NetworkTools.swift; sourceTree = "<group>"; };
		474052F82132CB5B00DADD2F /* PageTitleView.swift */ = {isa = PBXFileReference; lastKnownFileType = sourcecode.swift; path = PageTitleView.swift; sourceTree = "<group>"; };
		474052FE2134192B00DADD2F /* PageContentView.swift */ = {isa = PBXFileReference; lastKnownFileType = sourcecode.swift; path = PageContentView.swift; sourceTree = "<group>"; };
		47468242222FD7FA00425FBC /* RecommendCycleView.swift */ = {isa = PBXFileReference; lastKnownFileType = sourcecode.swift; path = RecommendCycleView.swift; sourceTree = "<group>"; };
		47468244222FD80C00425FBC /* RecommendCycleView.xib */ = {isa = PBXFileReference; lastKnownFileType = file.xib; path = RecommendCycleView.xib; sourceTree = "<group>"; };
		474682462230E0AB00425FBC /* CycleModel.swift */ = {isa = PBXFileReference; lastKnownFileType = sourcecode.swift; path = CycleModel.swift; sourceTree = "<group>"; };
		474682482230EF2200425FBC /* CollectionViewCycleCell.swift */ = {isa = PBXFileReference; lastKnownFileType = sourcecode.swift; path = CollectionViewCycleCell.swift; sourceTree = "<group>"; };
		474682492230EF2200425FBC /* CollectionViewCycleCell.xib */ = {isa = PBXFileReference; lastKnownFileType = file.xib; path = CollectionViewCycleCell.xib; sourceTree = "<group>"; };
		4746824C2231708600425FBC /* RecommendGameView.swift */ = {isa = PBXFileReference; lastKnownFileType = sourcecode.swift; path = RecommendGameView.swift; sourceTree = "<group>"; };
		4746824E2231709900425FBC /* RecommendGameView.xib */ = {isa = PBXFileReference; lastKnownFileType = file.xib; path = RecommendGameView.xib; sourceTree = "<group>"; };
		474682502232055D00425FBC /* CollectionGameCell.swift */ = {isa = PBXFileReference; lastKnownFileType = sourcecode.swift; path = CollectionGameCell.swift; sourceTree = "<group>"; };
		474682512232055D00425FBC /* CollectionGameCell.xib */ = {isa = PBXFileReference; lastKnownFileType = file.xib; path = CollectionGameCell.xib; sourceTree = "<group>"; };
		475B6506214B99760055790F /* AnchorModel.swift */ = {isa = PBXFileReference; lastKnownFileType = sourcecode.swift; path = AnchorModel.swift; sourceTree = "<group>"; };
		47655AFF214F7E40009950E4 /* webImage.swift */ = {isa = PBXFileReference; lastKnownFileType = sourcecode.swift; path = webImage.swift; sourceTree = "<group>"; };
		47655B01214FEC39009950E4 /* CollectionBaseCell.swift */ = {isa = PBXFileReference; lastKnownFileType = sourcecode.swift; path = CollectionBaseCell.swift; sourceTree = "<group>"; };
		4774C6BA213E9A6400E80E7F /* RecommendViewController.swift */ = {isa = PBXFileReference; lastKnownFileType = sourcecode.swift; path = RecommendViewController.swift; sourceTree = "<group>"; };
		4774C6BC213EA8EF00E80E7F /* CollectionHeaderView.swift */ = {isa = PBXFileReference; lastKnownFileType = sourcecode.swift; path = CollectionHeaderView.swift; sourceTree = "<group>"; };
		4774C6BD213EA8EF00E80E7F /* CollectionHeaderView.xib */ = {isa = PBXFileReference; lastKnownFileType = file.xib; path = CollectionHeaderView.xib; sourceTree = "<group>"; };
		47768DBB2145138100ACE64C /* RecomandViewModel.swift */ = {isa = PBXFileReference; lastKnownFileType = sourcecode.swift; path = RecomandViewModel.swift; sourceTree = "<group>"; };
		47783283213F65700092C9C8 /* CollectionNormalCell.swift */ = {isa = PBXFileReference; lastKnownFileType = sourcecode.swift; path = CollectionNormalCell.swift; sourceTree = "<group>"; };
		47783284213F65700092C9C8 /* CollectionNormalCell.xib */ = {isa = PBXFileReference; lastKnownFileType = file.xib; path = CollectionNormalCell.xib; sourceTree = "<group>"; };
		47E7CFFF212D49D000EE233B /* DouYuZB.app */ = {isa = PBXFileReference; explicitFileType = wrapper.application; includeInIndex = 0; path = DouYuZB.app; sourceTree = BUILT_PRODUCTS_DIR; };
		47E7D002212D49D000EE233B /* AppDelegate.swift */ = {isa = PBXFileReference; lastKnownFileType = sourcecode.swift; path = AppDelegate.swift; sourceTree = "<group>"; };
		47E7D007212D49D000EE233B /* Base */ = {isa = PBXFileReference; lastKnownFileType = file.storyboard; name = Base; path = Base.lproj/Main.storyboard; sourceTree = "<group>"; };
		47E7D009212D49D100EE233B /* Assets.xcassets */ = {isa = PBXFileReference; lastKnownFileType = folder.assetcatalog; path = Assets.xcassets; sourceTree = "<group>"; };
		47E7D00C212D49D100EE233B /* Base */ = {isa = PBXFileReference; lastKnownFileType = file.storyboard; name = Base; path = Base.lproj/LaunchScreen.storyboard; sourceTree = "<group>"; };
		47E7D00E212D49D100EE233B /* Info.plist */ = {isa = PBXFileReference; lastKnownFileType = text.plist.xml; path = Info.plist; sourceTree = "<group>"; };
		47E7D034212FAE0A00EE233B /* HomeViewController.swift */ = {isa = PBXFileReference; lastKnownFileType = sourcecode.swift; name = HomeViewController.swift; path = DouYuZB/HomeViewController.swift; sourceTree = "<group>"; };
		47E7D036212FAE5100EE233B /* MainViewController.swift */ = {isa = PBXFileReference; lastKnownFileType = sourcecode.swift; path = MainViewController.swift; sourceTree = "<group>"; };
		47E7D03B21303BB000EE233B /* Base */ = {isa = PBXFileReference; lastKnownFileType = file.storyboard; name = Base; path = DouYuZB/Classes/Main/Controller/Base.lproj/Home.storyboard; sourceTree = "<group>"; };
		47E7D03D21303BC000EE233B /* Profile.storyboard */ = {isa = PBXFileReference; fileEncoding = 4; lastKnownFileType = file.storyboard; path = Profile.storyboard; sourceTree = "<group>"; };
		47E7D04021303BD300EE233B /* Base */ = {isa = PBXFileReference; lastKnownFileType = file.storyboard; name = Base; path = DouYuZB/Classes/Main/Controller/Base.lproj/Fellow.storyboard; sourceTree = "<group>"; };
		47E7D04221303BE100EE233B /* Live.storyboard */ = {isa = PBXFileReference; fileEncoding = 4; lastKnownFileType = file.storyboard; path = Live.storyboard; sourceTree = "<group>"; };
		47E7D0452130487100EE233B /* extensions.swift */ = {isa = PBXFileReference; lastKnownFileType = sourcecode.swift; path = extensions.swift; sourceTree = "<group>"; };
		47E7D04921324A7F00EE233B /* Common.swift */ = {isa = PBXFileReference; lastKnownFileType = sourcecode.swift; path = Common.swift; sourceTree = "<group>"; };
		47E7D04D2132A5F400EE233B /* UIColor-extention.swift */ = {isa = PBXFileReference; lastKnownFileType = sourcecode.swift; path = "UIColor-extention.swift"; sourceTree = "<group>"; };
		47F1DAD62140FAA3006B8EBA /* CollectionPrettyCell.swift */ = {isa = PBXFileReference; lastKnownFileType = sourcecode.swift; path = CollectionPrettyCell.swift; sourceTree = "<group>"; };
		47F1DAD72140FAA3006B8EBA /* CollectionPrettyCell.xib */ = {isa = PBXFileReference; lastKnownFileType = file.xib; path = CollectionPrettyCell.xib; sourceTree = "<group>"; };
		4C3688E70DFB700655CCFCFC /* Pods_DouYuZB.framework */ = {isa = PBXFileReference; explicitFileType = wrapper.framework; includeInIndex = 0; path = Pods_DouYuZB.framework; sourceTree = BUILT_PRODUCTS_DIR; };
/* End PBXFileReference section */

/* Begin PBXFrameworksBuildPhase section */
		47E7CFFC212D49D000EE233B /* Frameworks */ = {
			isa = PBXFrameworksBuildPhase;
			buildActionMask = 2147483647;
			files = (
				C3006701C7083EE8B113F945 /* Pods_DouYuZB.framework in Frameworks */,
			);
			runOnlyForDeploymentPostprocessing = 0;
		};
/* End PBXFrameworksBuildPhase section */

/* Begin PBXGroup section */
		24BDAF2DDC47E75602503217 /* Pods */ = {
			isa = PBXGroup;
			children = (
				0F342E42448676D9B030D174 /* Pods-DouYuZB.debug.xcconfig */,
				0F47919AC90FCC3F3D04BC79 /* Pods-DouYuZB.release.xcconfig */,
			);
			path = Pods;
			sourceTree = "<group>";
		};
		47768DBA2145133B00ACE64C /* ViewModel */ = {
			isa = PBXGroup;
			children = (
				47768DBB2145138100ACE64C /* RecomandViewModel.swift */,
			);
			path = ViewModel;
			sourceTree = "<group>";
		};
		47E7CFF6212D49D000EE233B = {
			isa = PBXGroup;
			children = (
				47E7D001212D49D000EE233B /* DouYuZB */,
				47E7D000212D49D000EE233B /* Products */,
				24BDAF2DDC47E75602503217 /* Pods */,
				EAA5CB700886423BD68489AF /* Frameworks */,
			);
			sourceTree = "<group>";
		};
		47E7D000212D49D000EE233B /* Products */ = {
			isa = PBXGroup;
			children = (
				47E7CFFF212D49D000EE233B /* DouYuZB.app */,
			);
			name = Products;
			sourceTree = "<group>";
		};
		47E7D001212D49D000EE233B /* DouYuZB */ = {
			isa = PBXGroup;
			children = (
				47E7D014212E55CD00EE233B /* Classes */,
				47E7D002212D49D000EE233B /* AppDelegate.swift */,
				47E7D009212D49D100EE233B /* Assets.xcassets */,
				47E7D00B212D49D100EE233B /* LaunchScreen.storyboard */,
				47E7D00E212D49D100EE233B /* Info.plist */,
			);
			path = DouYuZB;
			sourceTree = "<group>";
		};
		47E7D014212E55CD00EE233B /* Classes */ = {
			isa = PBXGroup;
			children = (
				47E7D01C212E55CD00EE233B /* Main */,
				47E7D015212E55CD00EE233B /* Home */,
				47E7D01B212E55CD00EE233B /* Live */,
				47E7D01A212E55CD00EE233B /* Fellow */,
				47E7D019212E55CD00EE233B /* Profile */,
				47E7D018212E55CD00EE233B /* Tools */,
			);
			path = Classes;
			sourceTree = "<group>";
		};
		47E7D015212E55CD00EE233B /* Home */ = {
			isa = PBXGroup;
			children = (
				47768DBA2145133B00ACE64C /* ViewModel */,
				47E7D02C212E7CD400EE233B /* Model */,
				47E7D02A212E7CD400EE233B /* View */,
				47E7D02B212E7CD400EE233B /* Controller */,
			);
			path = Home;
			sourceTree = "<group>";
		};
		47E7D018212E55CD00EE233B /* Tools */ = {
			isa = PBXGroup;
			children = (
				47E7D0442130485E00EE233B /* Extensiones */,
			);
			path = Tools;
			sourceTree = "<group>";
		};
		47E7D019212E55CD00EE233B /* Profile */ = {
			isa = PBXGroup;
			children = (
				47E7D03D21303BC000EE233B /* Profile.storyboard */,
			);
			path = Profile;
			sourceTree = "<group>";
		};
		47E7D01A212E55CD00EE233B /* Fellow */ = {
			isa = PBXGroup;
			children = (
				47E7D03F21303BD300EE233B /* Fellow.storyboard */,
			);
			path = Fellow;
			sourceTree = "<group>";
		};
		47E7D01B212E55CD00EE233B /* Live */ = {
			isa = PBXGroup;
			children = (
				47E7D04221303BE100EE233B /* Live.storyboard */,
			);
			path = Live;
			sourceTree = "<group>";
		};
		47E7D01C212E55CD00EE233B /* Main */ = {
			isa = PBXGroup;
			children = (
				47E7D02E212E7CDF00EE233B /* Model */,
				47E7D02D212E7CDF00EE233B /* View */,
				47E7D02F212E7CDF00EE233B /* Controller */,
			);
			path = Main;
			sourceTree = "<group>";
		};
		47E7D02A212E7CD400EE233B /* View */ = {
			isa = PBXGroup;
			children = (
				4774C6BC213EA8EF00E80E7F /* CollectionHeaderView.swift */,
				4774C6BD213EA8EF00E80E7F /* CollectionHeaderView.xib */,
				47468242222FD7FA00425FBC /* RecommendCycleView.swift */,
				47468244222FD80C00425FBC /* RecommendCycleView.xib */,
				474682482230EF2200425FBC /* CollectionViewCycleCell.swift */,
				474682492230EF2200425FBC /* CollectionViewCycleCell.xib */,
				4746824C2231708600425FBC /* RecommendGameView.swift */,
				4746824E2231709900425FBC /* RecommendGameView.xib */,
				474682502232055D00425FBC /* CollectionGameCell.swift */,
				474682512232055D00425FBC /* CollectionGameCell.xib */,
			);
			path = View;
			sourceTree = "<group>";
		};
		47E7D02B212E7CD400EE233B /* Controller */ = {
			isa = PBXGroup;
			children = (
				47E7D03A21303BB000EE233B /* Home.storyboard */,
				47E7D034212FAE0A00EE233B /* HomeViewController.swift */,
				4774C6BA213E9A6400E80E7F /* RecommendViewController.swift */,
			);
			path = Controller;
			sourceTree = "<group>";
		};
		47E7D02C212E7CD400EE233B /* Model */ = {
			isa = PBXGroup;
			children = (
				474682462230E0AB00425FBC /* CycleModel.swift */,
			);
			path = Model;
			sourceTree = "<group>";
		};
		47E7D02D212E7CDF00EE233B /* View */ = {
			isa = PBXGroup;
			children = (
				474052F82132CB5B00DADD2F /* PageTitleView.swift */,
				474052FE2134192B00DADD2F /* PageContentView.swift */,
				47783283213F65700092C9C8 /* CollectionNormalCell.swift */,
				47783284213F65700092C9C8 /* CollectionNormalCell.xib */,
				47F1DAD62140FAA3006B8EBA /* CollectionPrettyCell.swift */,
				47F1DAD72140FAA3006B8EBA /* CollectionPrettyCell.xib */,
				47655B01214FEC39009950E4 /* CollectionBaseCell.swift */,
			);
			path = View;
			sourceTree = "<group>";
		};
		47E7D02E212E7CDF00EE233B /* Model */ = {
			isa = PBXGroup;
			children = (
				470328AF214B3D8D00DFDAD1 /* AnchorGroup.swift */,
				475B6506214B99760055790F /* AnchorModel.swift */,
			);
			path = Model;
			sourceTree = "<group>";
		};
		47E7D02F212E7CDF00EE233B /* Controller */ = {
			isa = PBXGroup;
			children = (
				47E7D006212D49D000EE233B /* Main.storyboard */,
				47E7D036212FAE5100EE233B /* MainViewController.swift */,
			);
			path = Controller;
			sourceTree = "<group>";
		};
		47E7D0442130485E00EE233B /* Extensiones */ = {
			isa = PBXGroup;
			children = (
				47E7D0452130487100EE233B /* extensions.swift */,
				47E7D04921324A7F00EE233B /* Common.swift */,
				47328A7C2144CBF500B150AF /* NetworkTools.swift */,
				47E7D04D2132A5F400EE233B /* UIColor-extention.swift */,
				470328AD214518E800DFDAD1 /* Date-extension.swift */,
				47655AFF214F7E40009950E4 /* webImage.swift */,
			);
			path = Extensiones;
			sourceTree = "<group>";
		};
		EAA5CB700886423BD68489AF /* Frameworks */ = {
			isa = PBXGroup;
			children = (
				4C3688E70DFB700655CCFCFC /* Pods_DouYuZB.framework */,
			);
			name = Frameworks;
			sourceTree = "<group>";
		};
/* End PBXGroup section */

/* Begin PBXNativeTarget section */
		47E7CFFE212D49D000EE233B /* DouYuZB */ = {
			isa = PBXNativeTarget;
			buildConfigurationList = 47E7D011212D49D100EE233B /* Build configuration list for PBXNativeTarget "DouYuZB" */;
			buildPhases = (
				8AD63C0271829EA9375E6B13 /* [CP] Check Pods Manifest.lock */,
				47E7CFFB212D49D000EE233B /* Sources */,
				47E7CFFC212D49D000EE233B /* Frameworks */,
				47E7CFFD212D49D000EE233B /* Resources */,
				79B665CF831F44E68056C84F /* [CP] Embed Pods Frameworks */,
			);
			buildRules = (
			);
			dependencies = (
			);
			name = DouYuZB;
			productName = DouYuZB;
			productReference = 47E7CFFF212D49D000EE233B /* DouYuZB.app */;
			productType = "com.apple.product-type.application";
		};
/* End PBXNativeTarget section */

/* Begin PBXProject section */
		47E7CFF7212D49D000EE233B /* Project object */ = {
			isa = PBXProject;
			attributes = {
				LastSwiftUpdateCheck = 0940;
				LastUpgradeCheck = 0940;
				ORGANIZATIONNAME = NicGe;
				TargetAttributes = {
					47E7CFFE212D49D000EE233B = {
						CreatedOnToolsVersion = 9.4.1;
						LastSwiftMigration = 1000;
					};
				};
			};
			buildConfigurationList = 47E7CFFA212D49D000EE233B /* Build configuration list for PBXProject "DouYuZB" */;
			compatibilityVersion = "Xcode 9.3";
			developmentRegion = en;
			hasScannedForEncodings = 0;
			knownRegions = (
				en,
				Base,
			);
			mainGroup = 47E7CFF6212D49D000EE233B;
			productRefGroup = 47E7D000212D49D000EE233B /* Products */;
			projectDirPath = "";
			projectRoot = "";
			targets = (
				47E7CFFE212D49D000EE233B /* DouYuZB */,
			);
		};
/* End PBXProject section */

/* Begin PBXResourcesBuildPhase section */
		47E7CFFD212D49D000EE233B /* Resources */ = {
			isa = PBXResourcesBuildPhase;
			buildActionMask = 2147483647;
			files = (
				47E7D00D212D49D100EE233B /* LaunchScreen.storyboard in Resources */,
				4774C6BF213EA8EF00E80E7F /* CollectionHeaderView.xib in Resources */,
				47783286213F65700092C9C8 /* CollectionNormalCell.xib in Resources */,
				47E7D00A212D49D100EE233B /* Assets.xcassets in Resources */,
				47E7D03E21303BC000EE233B /* Profile.storyboard in Resources */,
				47E7D008212D49D000EE233B /* Main.storyboard in Resources */,
				47E7D03C21303BB000EE233B /* Home.storyboard in Resources */,
				474682532232055D00425FBC /* CollectionGameCell.xib in Resources */,
				47468245222FD80C00425FBC /* RecommendCycleView.xib in Resources */,
				47F1DAD92140FAA3006B8EBA /* CollectionPrettyCell.xib in Resources */,
				47E7D04121303BD300EE233B /* Fellow.storyboard in Resources */,
				47E7D04321303BE100EE233B /* Live.storyboard in Resources */,
				4746824F2231709900425FBC /* RecommendGameView.xib in Resources */,
				4746824B2230EF2200425FBC /* CollectionViewCycleCell.xib in Resources */,
			);
			runOnlyForDeploymentPostprocessing = 0;
		};
/* End PBXResourcesBuildPhase section */

/* Begin PBXShellScriptBuildPhase section */
		79B665CF831F44E68056C84F /* [CP] Embed Pods Frameworks */ = {
			isa = PBXShellScriptBuildPhase;
			buildActionMask = 2147483647;
			files = (
			);
			inputFileListPaths = (
				"${PODS_ROOT}/Target Support Files/Pods-DouYuZB/Pods-DouYuZB-frameworks-${CONFIGURATION}-input-files.xcfilelist",
			);
			name = "[CP] Embed Pods Frameworks";
			outputFileListPaths = (
				"${PODS_ROOT}/Target Support Files/Pods-DouYuZB/Pods-DouYuZB-frameworks-${CONFIGURATION}-output-files.xcfilelist",
			);
			runOnlyForDeploymentPostprocessing = 0;
			shellPath = /bin/sh;
			shellScript = "\"${PODS_ROOT}/Target Support Files/Pods-DouYuZB/Pods-DouYuZB-frameworks.sh\"\n";
			showEnvVarsInLog = 0;
		};
		8AD63C0271829EA9375E6B13 /* [CP] Check Pods Manifest.lock */ = {
			isa = PBXShellScriptBuildPhase;
			buildActionMask = 2147483647;
			files = (
			);
			inputPaths = (
				"${PODS_PODFILE_DIR_PATH}/Podfile.lock",
				"${PODS_ROOT}/Manifest.lock",
			);
			name = "[CP] Check Pods Manifest.lock";
			outputPaths = (
				"$(DERIVED_FILE_DIR)/Pods-DouYuZB-checkManifestLockResult.txt",
			);
			runOnlyForDeploymentPostprocessing = 0;
			shellPath = /bin/sh;
			shellScript = "diff \"${PODS_PODFILE_DIR_PATH}/Podfile.lock\" \"${PODS_ROOT}/Manifest.lock\" > /dev/null\nif [ $? != 0 ] ; then\n    # print error to STDERR\n    echo \"error: The sandbox is not in sync with the Podfile.lock. Run 'pod install' or update your CocoaPods installation.\" >&2\n    exit 1\nfi\n# This output is used by Xcode 'outputs' to avoid re-running this script phase.\necho \"SUCCESS\" > \"${SCRIPT_OUTPUT_FILE_0}\"\n";
			showEnvVarsInLog = 0;
		};
/* End PBXShellScriptBuildPhase section */

/* Begin PBXSourcesBuildPhase section */
		47E7CFFB212D49D000EE233B /* Sources */ = {
			isa = PBXSourcesBuildPhase;
			buildActionMask = 2147483647;
			files = (
				47E7D037212FAE5100EE233B /* MainViewController.swift in Sources */,
				47768DBC2145138100ACE64C /* RecomandViewModel.swift in Sources */,
				4774C6BE213EA8EF00E80E7F /* CollectionHeaderView.swift in Sources */,
				474052F92132CB5B00DADD2F /* PageTitleView.swift in Sources */,
				4746824D2231708600425FBC /* RecommendGameView.swift in Sources */,
				470328B0214B3D8D00DFDAD1 /* AnchorGroup.swift in Sources */,
				4774C6BB213E9A6400E80E7F /* RecommendViewController.swift in Sources */,
				474682472230E0AB00425FBC /* CycleModel.swift in Sources */,
				47E7D003212D49D000EE233B /* AppDelegate.swift in Sources */,
				474052FF2134192B00DADD2F /* PageContentView.swift in Sources */,
				470328AE214518E800DFDAD1 /* Date-extension.swift in Sources */,
				47E7D04E2132A5F400EE233B /* UIColor-extention.swift in Sources */,
				47655B00214F7E40009950E4 /* webImage.swift in Sources */,
				47E7D035212FAE0A00EE233B /* HomeViewController.swift in Sources */,
				47655B02214FEC39009950E4 /* CollectionBaseCell.swift in Sources */,
				47E7D04A21324A7F00EE233B /* Common.swift in Sources */,
				47F1DAD82140FAA3006B8EBA /* CollectionPrettyCell.swift in Sources */,
				474682522232055D00425FBC /* CollectionGameCell.swift in Sources */,
				47783285213F65700092C9C8 /* CollectionNormalCell.swift in Sources */,
				47468243222FD7FA00425FBC /* RecommendCycleView.swift in Sources */,
				47328A7D2144CBF500B150AF /* NetworkTools.swift in Sources */,
				4746824A2230EF2200425FBC /* CollectionViewCycleCell.swift in Sources */,
				47E7D0462130487100EE233B /* extensions.swift in Sources */,
				475B6507214B99760055790F /* AnchorModel.swift in Sources */,
			);
			runOnlyForDeploymentPostprocessing = 0;
		};
/* End PBXSourcesBuildPhase section */

/* Begin PBXVariantGroup section */
		47E7D006212D49D000EE233B /* Main.storyboard */ = {
			isa = PBXVariantGroup;
			children = (
				47E7D007212D49D000EE233B /* Base */,
			);
			name = Main.storyboard;
			sourceTree = "<group>";
		};
		47E7D00B212D49D100EE233B /* LaunchScreen.storyboard */ = {
			isa = PBXVariantGroup;
			children = (
				47E7D00C212D49D100EE233B /* Base */,
			);
			name = LaunchScreen.storyboard;
			sourceTree = "<group>";
		};
		47E7D03A21303BB000EE233B /* Home.storyboard */ = {
			isa = PBXVariantGroup;
			children = (
				47E7D03B21303BB000EE233B /* Base */,
			);
			name = Home.storyboard;
			sourceTree = "<group>";
		};
		47E7D03F21303BD300EE233B /* Fellow.storyboard */ = {
			isa = PBXVariantGroup;
			children = (
				47E7D04021303BD300EE233B /* Base */,
			);
			name = Fellow.storyboard;
			sourceTree = "<group>";
		};
/* End PBXVariantGroup section */

/* Begin XCBuildConfiguration section */
		47E7D00F212D49D100EE233B /* Debug */ = {
			isa = XCBuildConfiguration;
			buildSettings = {
				ALWAYS_SEARCH_USER_PATHS = NO;
				CLANG_ANALYZER_NONNULL = YES;
				CLANG_ANALYZER_NUMBER_OBJECT_CONVERSION = YES_AGGRESSIVE;
				CLANG_CXX_LANGUAGE_STANDARD = "gnu++14";
				CLANG_CXX_LIBRARY = "libc++";
				CLANG_ENABLE_MODULES = YES;
				CLANG_ENABLE_OBJC_ARC = YES;
				CLANG_ENABLE_OBJC_WEAK = YES;
				CLANG_WARN_BLOCK_CAPTURE_AUTORELEASING = YES;
				CLANG_WARN_BOOL_CONVERSION = YES;
				CLANG_WARN_COMMA = YES;
				CLANG_WARN_CONSTANT_CONVERSION = YES;
				CLANG_WARN_DEPRECATED_OBJC_IMPLEMENTATIONS = YES;
				CLANG_WARN_DIRECT_OBJC_ISA_USAGE = YES_ERROR;
				CLANG_WARN_DOCUMENTATION_COMMENTS = YES;
				CLANG_WARN_EMPTY_BODY = YES;
				CLANG_WARN_ENUM_CONVERSION = YES;
				CLANG_WARN_INFINITE_RECURSION = YES;
				CLANG_WARN_INT_CONVERSION = YES;
				CLANG_WARN_NON_LITERAL_NULL_CONVERSION = YES;
				CLANG_WARN_OBJC_IMPLICIT_RETAIN_SELF = YES;
				CLANG_WARN_OBJC_LITERAL_CONVERSION = YES;
				CLANG_WARN_OBJC_ROOT_CLASS = YES_ERROR;
				CLANG_WARN_RANGE_LOOP_ANALYSIS = YES;
				CLANG_WARN_STRICT_PROTOTYPES = YES;
				CLANG_WARN_SUSPICIOUS_MOVE = YES;
				CLANG_WARN_UNGUARDED_AVAILABILITY = YES_AGGRESSIVE;
				CLANG_WARN_UNREACHABLE_CODE = YES;
				CLANG_WARN__DUPLICATE_METHOD_MATCH = YES;
				CODE_SIGN_IDENTITY = "iPhone Developer";
				COPY_PHASE_STRIP = NO;
				DEBUG_INFORMATION_FORMAT = dwarf;
				ENABLE_STRICT_OBJC_MSGSEND = YES;
				ENABLE_TESTABILITY = YES;
				GCC_C_LANGUAGE_STANDARD = gnu11;
				GCC_DYNAMIC_NO_PIC = NO;
				GCC_NO_COMMON_BLOCKS = YES;
				GCC_OPTIMIZATION_LEVEL = 0;
				GCC_PREPROCESSOR_DEFINITIONS = (
					"DEBUG=1",
					"$(inherited)",
				);
				GCC_WARN_64_TO_32_BIT_CONVERSION = YES;
				GCC_WARN_ABOUT_RETURN_TYPE = YES_ERROR;
				GCC_WARN_UNDECLARED_SELECTOR = YES;
				GCC_WARN_UNINITIALIZED_AUTOS = YES_AGGRESSIVE;
				GCC_WARN_UNUSED_FUNCTION = YES;
				GCC_WARN_UNUSED_VARIABLE = YES;
				IPHONEOS_DEPLOYMENT_TARGET = 11.4;
				MTL_ENABLE_DEBUG_INFO = YES;
				ONLY_ACTIVE_ARCH = YES;
				SDKROOT = iphoneos;
				SWIFT_ACTIVE_COMPILATION_CONDITIONS = DEBUG;
				SWIFT_OPTIMIZATION_LEVEL = "-Onone";
			};
			name = Debug;
		};
		47E7D010212D49D100EE233B /* Release */ = {
			isa = XCBuildConfiguration;
			buildSettings = {
				ALWAYS_SEARCH_USER_PATHS = NO;
				CLANG_ANALYZER_NONNULL = YES;
				CLANG_ANALYZER_NUMBER_OBJECT_CONVERSION = YES_AGGRESSIVE;
				CLANG_CXX_LANGUAGE_STANDARD = "gnu++14";
				CLANG_CXX_LIBRARY = "libc++";
				CLANG_ENABLE_MODULES = YES;
				CLANG_ENABLE_OBJC_ARC = YES;
				CLANG_ENABLE_OBJC_WEAK = YES;
				CLANG_WARN_BLOCK_CAPTURE_AUTORELEASING = YES;
				CLANG_WARN_BOOL_CONVERSION = YES;
				CLANG_WARN_COMMA = YES;
				CLANG_WARN_CONSTANT_CONVERSION = YES;
				CLANG_WARN_DEPRECATED_OBJC_IMPLEMENTATIONS = YES;
				CLANG_WARN_DIRECT_OBJC_ISA_USAGE = YES_ERROR;
				CLANG_WARN_DOCUMENTATION_COMMENTS = YES;
				CLANG_WARN_EMPTY_BODY = YES;
				CLANG_WARN_ENUM_CONVERSION = YES;
				CLANG_WARN_INFINITE_RECURSION = YES;
				CLANG_WARN_INT_CONVERSION = YES;
				CLANG_WARN_NON_LITERAL_NULL_CONVERSION = YES;
				CLANG_WARN_OBJC_IMPLICIT_RETAIN_SELF = YES;
				CLANG_WARN_OBJC_LITERAL_CONVERSION = YES;
				CLANG_WARN_OBJC_ROOT_CLASS = YES_ERROR;
				CLANG_WARN_RANGE_LOOP_ANALYSIS = YES;
				CLANG_WARN_STRICT_PROTOTYPES = YES;
				CLANG_WARN_SUSPICIOUS_MOVE = YES;
				CLANG_WARN_UNGUARDED_AVAILABILITY = YES_AGGRESSIVE;
				CLANG_WARN_UNREACHABLE_CODE = YES;
				CLANG_WARN__DUPLICATE_METHOD_MATCH = YES;
				CODE_SIGN_IDENTITY = "iPhone Developer";
				COPY_PHASE_STRIP = NO;
				DEBUG_INFORMATION_FORMAT = "dwarf-with-dsym";
				ENABLE_NS_ASSERTIONS = NO;
				ENABLE_STRICT_OBJC_MSGSEND = YES;
				GCC_C_LANGUAGE_STANDARD = gnu11;
				GCC_NO_COMMON_BLOCKS = YES;
				GCC_WARN_64_TO_32_BIT_CONVERSION = YES;
				GCC_WARN_ABOUT_RETURN_TYPE = YES_ERROR;
				GCC_WARN_UNDECLARED_SELECTOR = YES;
				GCC_WARN_UNINITIALIZED_AUTOS = YES_AGGRESSIVE;
				GCC_WARN_UNUSED_FUNCTION = YES;
				GCC_WARN_UNUSED_VARIABLE = YES;
				IPHONEOS_DEPLOYMENT_TARGET = 11.4;
				MTL_ENABLE_DEBUG_INFO = NO;
				SDKROOT = iphoneos;
				SWIFT_COMPILATION_MODE = wholemodule;
				SWIFT_OPTIMIZATION_LEVEL = "-O";
				VALIDATE_PRODUCT = YES;
			};
			name = Release;
		};
		47E7D012212D49D100EE233B /* Debug */ = {
			isa = XCBuildConfiguration;
			baseConfigurationReference = 0F342E42448676D9B030D174 /* Pods-DouYuZB.debug.xcconfig */;
			buildSettings = {
				ASSETCATALOG_COMPILER_APPICON_NAME = AppIcon;
				ASSETCATALOG_COMPILER_LAUNCHIMAGE_NAME = LaunchImage;
				CODE_SIGN_STYLE = Automatic;
				DEVELOPMENT_TEAM = YMD3JCX37P;
				INFOPLIST_FILE = DouYuZB/Info.plist;
				IPHONEOS_DEPLOYMENT_TARGET = 9.0;
				LD_RUNPATH_SEARCH_PATHS = (
					"$(inherited)",
					"@executable_path/Frameworks",
				);
				PRODUCT_BUNDLE_IDENTIFIER = cn.imosaic.DouYuZB;
				PRODUCT_NAME = "$(TARGET_NAME)";
				SWIFT_VERSION = 4.2;
				TARGETED_DEVICE_FAMILY = "1,2";
			};
			name = Debug;
		};
		47E7D013212D49D100EE233B /* Release */ = {
			isa = XCBuildConfiguration;
			baseConfigurationReference = 0F47919AC90FCC3F3D04BC79 /* Pods-DouYuZB.release.xcconfig */;
			buildSettings = {
				ASSETCATALOG_COMPILER_APPICON_NAME = AppIcon;
				ASSETCATALOG_COMPILER_LAUNCHIMAGE_NAME = LaunchImage;
				CODE_SIGN_STYLE = Automatic;
				DEVELOPMENT_TEAM = YMD3JCX37P;
				INFOPLIST_FILE = DouYuZB/Info.plist;
				IPHONEOS_DEPLOYMENT_TARGET = 9.0;
				LD_RUNPATH_SEARCH_PATHS = (
					"$(inherited)",
					"@executable_path/Frameworks",
				);
				PRODUCT_BUNDLE_IDENTIFIER = cn.imosaic.DouYuZB;
				PRODUCT_NAME = "$(TARGET_NAME)";
				SWIFT_VERSION = 4.2;
				TARGETED_DEVICE_FAMILY = "1,2";
			};
			name = Release;
		};
/* End XCBuildConfiguration section */

/* Begin XCConfigurationList section */
		47E7CFFA212D49D000EE233B /* Build configuration list for PBXProject "DouYuZB" */ = {
			isa = XCConfigurationList;
			buildConfigurations = (
				47E7D00F212D49D100EE233B /* Debug */,
				47E7D010212D49D100EE233B /* Release */,
			);
			defaultConfigurationIsVisible = 0;
			defaultConfigurationName = Release;
		};
		47E7D011212D49D100EE233B /* Build configuration list for PBXNativeTarget "DouYuZB" */ = {
			isa = XCConfigurationList;
			buildConfigurations = (
				47E7D012212D49D100EE233B /* Debug */,
				47E7D013212D49D100EE233B /* Release */,
			);
			defaultConfigurationIsVisible = 0;
			defaultConfigurationName = Release;
		};
/* End XCConfigurationList section */
	};
	rootObject = 47E7CFF7212D49D000EE233B /* Project object */;
}
